// !$*UTF8*$!
{
	archiveVersion = 1;
	classes = {
	};
	objectVersion = 56;
	objects = {

/* Begin PBXBuildFile section */
		2DC61154A2A5FCF8BE3C5538 /* Pods_LOLInfoApp.framework in Frameworks */ = {isa = PBXBuildFile; fileRef = F6FD4969E15C53F1EB411F81 /* Pods_LOLInfoApp.framework */; };
		F272E2532B7E0CAE00F05B31 /* ChampionMainModel.swift in Sources */ = {isa = PBXBuildFile; fileRef = F272E2522B7E0CAE00F05B31 /* ChampionMainModel.swift */; };
		F272E25D2B7E105B00F05B31 /* ChampionAPIEndpoint.swift in Sources */ = {isa = PBXBuildFile; fileRef = F272E25C2B7E105B00F05B31 /* ChampionAPIEndpoint.swift */; };
		F2BE134E2B7DD0470029E980 /* NetworkURLStringCollection.swift in Sources */ = {isa = PBXBuildFile; fileRef = F2BE134D2B7DD0470029E980 /* NetworkURLStringCollection.swift */; };
		F2BE13532B7DD3E10029E980 /* OSLog.swift in Sources */ = {isa = PBXBuildFile; fileRef = F2BE13522B7DD3E10029E980 /* OSLog.swift */; };
		F2BE13552B7DDD9D0029E980 /* Requestable.swift in Sources */ = {isa = PBXBuildFile; fileRef = F2BE13542B7DDD9D0029E980 /* Requestable.swift */; };
		FE26A3ED2B710ED500CF2666 /* AppDelegate.swift in Sources */ = {isa = PBXBuildFile; fileRef = FE26A3EC2B710ED500CF2666 /* AppDelegate.swift */; };
		FE26A3EF2B710ED500CF2666 /* SceneDelegate.swift in Sources */ = {isa = PBXBuildFile; fileRef = FE26A3EE2B710ED500CF2666 /* SceneDelegate.swift */; };
		FE26A3F12B710ED500CF2666 /* ChampionViewController.swift in Sources */ = {isa = PBXBuildFile; fileRef = FE26A3F02B710ED500CF2666 /* ChampionViewController.swift */; };
		FE26A3F62B710ED600CF2666 /* Assets.xcassets in Resources */ = {isa = PBXBuildFile; fileRef = FE26A3F52B710ED600CF2666 /* Assets.xcassets */; };
		FE26A3F92B710ED600CF2666 /* LaunchScreen.storyboard in Resources */ = {isa = PBXBuildFile; fileRef = FE26A3F72B710ED600CF2666 /* LaunchScreen.storyboard */; };
/* End PBXBuildFile section */

/* Begin PBXFileReference section */
		67871AC6812ED22C5DD6D452 /* Pods-LOLInfoApp.debug.xcconfig */ = {isa = PBXFileReference; includeInIndex = 1; lastKnownFileType = text.xcconfig; name = "Pods-LOLInfoApp.debug.xcconfig"; path = "Target Support Files/Pods-LOLInfoApp/Pods-LOLInfoApp.debug.xcconfig"; sourceTree = "<group>"; };
		AAC6A67316489E7B8F198B9C /* Pods-LOLInfoApp.release.xcconfig */ = {isa = PBXFileReference; includeInIndex = 1; lastKnownFileType = text.xcconfig; name = "Pods-LOLInfoApp.release.xcconfig"; path = "Target Support Files/Pods-LOLInfoApp/Pods-LOLInfoApp.release.xcconfig"; sourceTree = "<group>"; };
		F272E2522B7E0CAE00F05B31 /* ChampionMainModel.swift */ = {isa = PBXFileReference; lastKnownFileType = sourcecode.swift; path = ChampionMainModel.swift; sourceTree = "<group>"; };
		F272E25C2B7E105B00F05B31 /* ChampionAPIEndpoint.swift */ = {isa = PBXFileReference; lastKnownFileType = sourcecode.swift; path = ChampionAPIEndpoint.swift; sourceTree = "<group>"; };
		F2BE134D2B7DD0470029E980 /* NetworkURLStringCollection.swift */ = {isa = PBXFileReference; lastKnownFileType = sourcecode.swift; path = NetworkURLStringCollection.swift; sourceTree = "<group>"; };
		F2BE13522B7DD3E10029E980 /* OSLog.swift */ = {isa = PBXFileReference; lastKnownFileType = sourcecode.swift; path = OSLog.swift; sourceTree = "<group>"; };
		F2BE13542B7DDD9D0029E980 /* Requestable.swift */ = {isa = PBXFileReference; fileEncoding = 4; lastKnownFileType = sourcecode.swift; path = Requestable.swift; sourceTree = "<group>"; };
		F6FD4969E15C53F1EB411F81 /* Pods_LOLInfoApp.framework */ = {isa = PBXFileReference; explicitFileType = wrapper.framework; includeInIndex = 0; path = Pods_LOLInfoApp.framework; sourceTree = BUILT_PRODUCTS_DIR; };
		FE26A3E92B710ED500CF2666 /* LOLInfoApp.app */ = {isa = PBXFileReference; explicitFileType = wrapper.application; includeInIndex = 0; path = LOLInfoApp.app; sourceTree = BUILT_PRODUCTS_DIR; };
		FE26A3EC2B710ED500CF2666 /* AppDelegate.swift */ = {isa = PBXFileReference; lastKnownFileType = sourcecode.swift; path = AppDelegate.swift; sourceTree = "<group>"; };
		FE26A3EE2B710ED500CF2666 /* SceneDelegate.swift */ = {isa = PBXFileReference; lastKnownFileType = sourcecode.swift; path = SceneDelegate.swift; sourceTree = "<group>"; };
		FE26A3F02B710ED500CF2666 /* ChampionViewController.swift */ = {isa = PBXFileReference; lastKnownFileType = sourcecode.swift; path = ChampionViewController.swift; sourceTree = "<group>"; };
		FE26A3F52B710ED600CF2666 /* Assets.xcassets */ = {isa = PBXFileReference; lastKnownFileType = folder.assetcatalog; path = Assets.xcassets; sourceTree = "<group>"; };
		FE26A3F82B710ED600CF2666 /* Base */ = {isa = PBXFileReference; lastKnownFileType = file.storyboard; name = Base; path = Base.lproj/LaunchScreen.storyboard; sourceTree = "<group>"; };
		FE26A3FA2B710ED600CF2666 /* Info.plist */ = {isa = PBXFileReference; lastKnownFileType = text.plist.xml; path = Info.plist; sourceTree = "<group>"; };
/* End PBXFileReference section */

/* Begin PBXFrameworksBuildPhase section */
		FE26A3E62B710ED500CF2666 /* Frameworks */ = {
			isa = PBXFrameworksBuildPhase;
			buildActionMask = 2147483647;
			files = (
				2DC61154A2A5FCF8BE3C5538 /* Pods_LOLInfoApp.framework in Frameworks */,
			);
			runOnlyForDeploymentPostprocessing = 0;
		};
/* End PBXFrameworksBuildPhase section */

/* Begin PBXGroup section */
		25DB05B03DB30208A2FA501B /* Frameworks */ = {
			isa = PBXGroup;
			children = (
				F6FD4969E15C53F1EB411F81 /* Pods_LOLInfoApp.framework */,
			);
			name = Frameworks;
			sourceTree = "<group>";
		};
		EF13FB68FBA4340A81FF0CA8 /* Pods */ = {
			isa = PBXGroup;
			children = (
				67871AC6812ED22C5DD6D452 /* Pods-LOLInfoApp.debug.xcconfig */,
				AAC6A67316489E7B8F198B9C /* Pods-LOLInfoApp.release.xcconfig */,
			);
			path = Pods;
			sourceTree = "<group>";
		};
		F272E2572B7E0E5900F05B31 /* Network */ = {
			isa = PBXGroup;
			children = (
				F2BE134D2B7DD0470029E980 /* NetworkURLStringCollection.swift */,
				F2BE13542B7DDD9D0029E980 /* Requestable.swift */,
			);
			path = Network;
			sourceTree = "<group>";
		};
		F272E25B2B7E104200F05B31 /* APIEndPoint */ = {
			isa = PBXGroup;
			children = (
				F272E25C2B7E105B00F05B31 /* ChampionAPIEndpoint.swift */,
			);
			path = APIEndPoint;
			sourceTree = "<group>";
		};
		F2BE13512B7DD3D50029E980 /* Extension */ = {
			isa = PBXGroup;
			children = (
				F2BE13522B7DD3E10029E980 /* OSLog.swift */,
			);
			path = Extension;
			sourceTree = "<group>";
		};
		FE26A3E02B710ED500CF2666 = {
			isa = PBXGroup;
			children = (
				FE26A3EB2B710ED500CF2666 /* LOLInfoApp */,
				FE26A3EA2B710ED500CF2666 /* Products */,
				EF13FB68FBA4340A81FF0CA8 /* Pods */,
				25DB05B03DB30208A2FA501B /* Frameworks */,
			);
			sourceTree = "<group>";
		};
		FE26A3EA2B710ED500CF2666 /* Products */ = {
			isa = PBXGroup;
			children = (
				FE26A3E92B710ED500CF2666 /* LOLInfoApp.app */,
			);
			name = Products;
			sourceTree = "<group>";
		};
		FE26A3EB2B710ED500CF2666 /* LOLInfoApp */ = {
			isa = PBXGroup;
			children = (
				FE26A4042B711B3F00CF2666 /* Application */,
				FE26A4072B711B6500CF2666 /* SupportingFiles */,
				FE26A4062B711B5900CF2666 /* Resources */,
				FE26A4282B711F1400CF2666 /* Commons */,
				FE26A40B2B711CA600CF2666 /* Manager */,
				FE26A4052B711B4A00CF2666 /* Scenes */,
			);
			path = LOLInfoApp;
			sourceTree = "<group>";
		};
		FE26A4042B711B3F00CF2666 /* Application */ = {
			isa = PBXGroup;
			children = (
				FE26A3EC2B710ED500CF2666 /* AppDelegate.swift */,
				FE26A3EE2B710ED500CF2666 /* SceneDelegate.swift */,
			);
			path = Application;
			sourceTree = "<group>";
		};
		FE26A4052B711B4A00CF2666 /* Scenes */ = {
			isa = PBXGroup;
			children = (
				FE26A4082B711BD800CF2666 /* Champion */,
				FE26A3F72B710ED600CF2666 /* LaunchScreen.storyboard */,
			);
			path = Scenes;
			sourceTree = "<group>";
		};
		FE26A4062B711B5900CF2666 /* Resources */ = {
			isa = PBXGroup;
			children = (
				FE26A3F52B710ED600CF2666 /* Assets.xcassets */,
			);
			path = Resources;
			sourceTree = "<group>";
		};
		FE26A4072B711B6500CF2666 /* SupportingFiles */ = {
			isa = PBXGroup;
			children = (
				FE26A3FA2B710ED600CF2666 /* Info.plist */,
			);
			path = SupportingFiles;
			sourceTree = "<group>";
		};
		FE26A4082B711BD800CF2666 /* Champion */ = {
			isa = PBXGroup;
			children = (
				F272E25B2B7E104200F05B31 /* APIEndPoint */,
				FE26A4092B711C0500CF2666 /* Main */,
			);
			path = Champion;
			sourceTree = "<group>";
		};
		FE26A4092B711C0500CF2666 /* Main */ = {
			isa = PBXGroup;
			children = (
				FE26A3F02B710ED500CF2666 /* ChampionViewController.swift */,
				F272E2522B7E0CAE00F05B31 /* ChampionMainModel.swift */,
			);
			path = Main;
			sourceTree = "<group>";
		};
		FE26A40B2B711CA600CF2666 /* Manager */ = {
			isa = PBXGroup;
			children = (
			);
			path = Manager;
			sourceTree = "<group>";
		};
		FE26A4282B711F1400CF2666 /* Commons */ = {
			isa = PBXGroup;
			children = (
				F272E2572B7E0E5900F05B31 /* Network */,
				F2BE13512B7DD3D50029E980 /* Extension */,
			);
			path = Commons;
			sourceTree = "<group>";
		};
/* End PBXGroup section */

/* Begin PBXNativeTarget section */
		FE26A3E82B710ED500CF2666 /* LOLInfoApp */ = {
			isa = PBXNativeTarget;
			buildConfigurationList = FE26A3FD2B710ED600CF2666 /* Build configuration list for PBXNativeTarget "LOLInfoApp" */;
			buildPhases = (
				B15D8544381B8BDEF74C11DC /* [CP] Check Pods Manifest.lock */,
				FE26A3E52B710ED500CF2666 /* Sources */,
				FE26A3E62B710ED500CF2666 /* Frameworks */,
				FE26A3E72B710ED500CF2666 /* Resources */,
				218560BCE0F0172B41E96B59 /* [CP] Embed Pods Frameworks */,
			);
			buildRules = (
			);
			dependencies = (
			);
			name = LOLInfoApp;
			productName = LOLInfoApp;
			productReference = FE26A3E92B710ED500CF2666 /* LOLInfoApp.app */;
			productType = "com.apple.product-type.application";
		};
/* End PBXNativeTarget section */

/* Begin PBXProject section */
		FE26A3E12B710ED500CF2666 /* Project object */ = {
			isa = PBXProject;
			attributes = {
				BuildIndependentTargetsInParallel = 1;
				LastSwiftUpdateCheck = 1400;
				LastUpgradeCheck = 1400;
				TargetAttributes = {
					FE26A3E82B710ED500CF2666 = {
						CreatedOnToolsVersion = 14.0.1;
					};
				};
			};
			buildConfigurationList = FE26A3E42B710ED500CF2666 /* Build configuration list for PBXProject "LOLInfoApp" */;
			compatibilityVersion = "Xcode 14.0";
			developmentRegion = en;
			hasScannedForEncodings = 0;
			knownRegions = (
				en,
				Base,
			);
			mainGroup = FE26A3E02B710ED500CF2666;
			productRefGroup = FE26A3EA2B710ED500CF2666 /* Products */;
			projectDirPath = "";
			projectRoot = "";
			targets = (
				FE26A3E82B710ED500CF2666 /* LOLInfoApp */,
			);
		};
/* End PBXProject section */

/* Begin PBXResourcesBuildPhase section */
		FE26A3E72B710ED500CF2666 /* Resources */ = {
			isa = PBXResourcesBuildPhase;
			buildActionMask = 2147483647;
			files = (
				FE26A3F92B710ED600CF2666 /* LaunchScreen.storyboard in Resources */,
				FE26A3F62B710ED600CF2666 /* Assets.xcassets in Resources */,
			);
			runOnlyForDeploymentPostprocessing = 0;
		};
/* End PBXResourcesBuildPhase section */

/* Begin PBXShellScriptBuildPhase section */
		218560BCE0F0172B41E96B59 /* [CP] Embed Pods Frameworks */ = {
			isa = PBXShellScriptBuildPhase;
			buildActionMask = 2147483647;
			files = (
			);
			inputFileListPaths = (
				"${PODS_ROOT}/Target Support Files/Pods-LOLInfoApp/Pods-LOLInfoApp-frameworks-${CONFIGURATION}-input-files.xcfilelist",
			);
			name = "[CP] Embed Pods Frameworks";
			outputFileListPaths = (
				"${PODS_ROOT}/Target Support Files/Pods-LOLInfoApp/Pods-LOLInfoApp-frameworks-${CONFIGURATION}-output-files.xcfilelist",
			);
			runOnlyForDeploymentPostprocessing = 0;
			shellPath = /bin/sh;
			shellScript = "\"${PODS_ROOT}/Target Support Files/Pods-LOLInfoApp/Pods-LOLInfoApp-frameworks.sh\"\n";
			showEnvVarsInLog = 0;
		};
		B15D8544381B8BDEF74C11DC /* [CP] Check Pods Manifest.lock */ = {
			isa = PBXShellScriptBuildPhase;
			buildActionMask = 2147483647;
			files = (
			);
			inputFileListPaths = (
			);
			inputPaths = (
				"${PODS_PODFILE_DIR_PATH}/Podfile.lock",
				"${PODS_ROOT}/Manifest.lock",
			);
			name = "[CP] Check Pods Manifest.lock";
			outputFileListPaths = (
			);
			outputPaths = (
				"$(DERIVED_FILE_DIR)/Pods-LOLInfoApp-checkManifestLockResult.txt",
			);
			runOnlyForDeploymentPostprocessing = 0;
			shellPath = /bin/sh;
			shellScript = "diff \"${PODS_PODFILE_DIR_PATH}/Podfile.lock\" \"${PODS_ROOT}/Manifest.lock\" > /dev/null\nif [ $? != 0 ] ; then\n    # print error to STDERR\n    echo \"error: The sandbox is not in sync with the Podfile.lock. Run 'pod install' or update your CocoaPods installation.\" >&2\n    exit 1\nfi\n# This output is used by Xcode 'outputs' to avoid re-running this script phase.\necho \"SUCCESS\" > \"${SCRIPT_OUTPUT_FILE_0}\"\n";
			showEnvVarsInLog = 0;
		};
/* End PBXShellScriptBuildPhase section */

/* Begin PBXSourcesBuildPhase section */
		FE26A3E52B710ED500CF2666 /* Sources */ = {
			isa = PBXSourcesBuildPhase;
			buildActionMask = 2147483647;
			files = (
				F2BE13552B7DDD9D0029E980 /* Requestable.swift in Sources */,
				FE26A3F12B710ED500CF2666 /* ChampionViewController.swift in Sources */,
				F2BE13532B7DD3E10029E980 /* OSLog.swift in Sources */,
				F272E2532B7E0CAE00F05B31 /* ChampionMainModel.swift in Sources */,
				FE26A3ED2B710ED500CF2666 /* AppDelegate.swift in Sources */,
				F2BE134E2B7DD0470029E980 /* NetworkURLStringCollection.swift in Sources */,
				F272E25D2B7E105B00F05B31 /* ChampionAPIEndpoint.swift in Sources */,
				FE26A3EF2B710ED500CF2666 /* SceneDelegate.swift in Sources */,
			);
			runOnlyForDeploymentPostprocessing = 0;
		};
/* End PBXSourcesBuildPhase section */

/* Begin PBXVariantGroup section */
		FE26A3F72B710ED600CF2666 /* LaunchScreen.storyboard */ = {
			isa = PBXVariantGroup;
			children = (
				FE26A3F82B710ED600CF2666 /* Base */,
			);
			name = LaunchScreen.storyboard;
			sourceTree = "<group>";
		};
/* End PBXVariantGroup section */

/* Begin XCBuildConfiguration section */
		FE26A3FB2B710ED600CF2666 /* Debug */ = {
			isa = XCBuildConfiguration;
			buildSettings = {
				ALWAYS_SEARCH_USER_PATHS = NO;
				CLANG_ANALYZER_NONNULL = YES;
				CLANG_ANALYZER_NUMBER_OBJECT_CONVERSION = YES_AGGRESSIVE;
				CLANG_CXX_LANGUAGE_STANDARD = "gnu++20";
				CLANG_ENABLE_MODULES = YES;
				CLANG_ENABLE_OBJC_ARC = YES;
				CLANG_ENABLE_OBJC_WEAK = YES;
				CLANG_WARN_BLOCK_CAPTURE_AUTORELEASING = YES;
				CLANG_WARN_BOOL_CONVERSION = YES;
				CLANG_WARN_COMMA = YES;
				CLANG_WARN_CONSTANT_CONVERSION = YES;
				CLANG_WARN_DEPRECATED_OBJC_IMPLEMENTATIONS = YES;
				CLANG_WARN_DIRECT_OBJC_ISA_USAGE = YES_ERROR;
				CLANG_WARN_DOCUMENTATION_COMMENTS = YES;
				CLANG_WARN_EMPTY_BODY = YES;
				CLANG_WARN_ENUM_CONVERSION = YES;
				CLANG_WARN_INFINITE_RECURSION = YES;
				CLANG_WARN_INT_CONVERSION = YES;
				CLANG_WARN_NON_LITERAL_NULL_CONVERSION = YES;
				CLANG_WARN_OBJC_IMPLICIT_RETAIN_SELF = YES;
				CLANG_WARN_OBJC_LITERAL_CONVERSION = YES;
				CLANG_WARN_OBJC_ROOT_CLASS = YES_ERROR;
				CLANG_WARN_QUOTED_INCLUDE_IN_FRAMEWORK_HEADER = YES;
				CLANG_WARN_RANGE_LOOP_ANALYSIS = YES;
				CLANG_WARN_STRICT_PROTOTYPES = YES;
				CLANG_WARN_SUSPICIOUS_MOVE = YES;
				CLANG_WARN_UNGUARDED_AVAILABILITY = YES_AGGRESSIVE;
				CLANG_WARN_UNREACHABLE_CODE = YES;
				CLANG_WARN__DUPLICATE_METHOD_MATCH = YES;
				COPY_PHASE_STRIP = NO;
				DEBUG_INFORMATION_FORMAT = dwarf;
				ENABLE_STRICT_OBJC_MSGSEND = YES;
				ENABLE_TESTABILITY = YES;
				GCC_C_LANGUAGE_STANDARD = gnu11;
				GCC_DYNAMIC_NO_PIC = NO;
				GCC_NO_COMMON_BLOCKS = YES;
				GCC_OPTIMIZATION_LEVEL = 0;
				GCC_PREPROCESSOR_DEFINITIONS = (
					"DEBUG=1",
					"$(inherited)",
				);
				GCC_WARN_64_TO_32_BIT_CONVERSION = YES;
				GCC_WARN_ABOUT_RETURN_TYPE = YES_ERROR;
				GCC_WARN_UNDECLARED_SELECTOR = YES;
				GCC_WARN_UNINITIALIZED_AUTOS = YES_AGGRESSIVE;
				GCC_WARN_UNUSED_FUNCTION = YES;
				GCC_WARN_UNUSED_VARIABLE = YES;
				IPHONEOS_DEPLOYMENT_TARGET = 16.0;
				MTL_ENABLE_DEBUG_INFO = INCLUDE_SOURCE;
				MTL_FAST_MATH = YES;
				ONLY_ACTIVE_ARCH = YES;
				SDKROOT = iphoneos;
				SWIFT_ACTIVE_COMPILATION_CONDITIONS = DEBUG;
				SWIFT_OPTIMIZATION_LEVEL = "-Onone";
			};
			name = Debug;
		};
		FE26A3FC2B710ED600CF2666 /* Release */ = {
			isa = XCBuildConfiguration;
			buildSettings = {
				ALWAYS_SEARCH_USER_PATHS = NO;
				CLANG_ANALYZER_NONNULL = YES;
				CLANG_ANALYZER_NUMBER_OBJECT_CONVERSION = YES_AGGRESSIVE;
				CLANG_CXX_LANGUAGE_STANDARD = "gnu++20";
				CLANG_ENABLE_MODULES = YES;
				CLANG_ENABLE_OBJC_ARC = YES;
				CLANG_ENABLE_OBJC_WEAK = YES;
				CLANG_WARN_BLOCK_CAPTURE_AUTORELEASING = YES;
				CLANG_WARN_BOOL_CONVERSION = YES;
				CLANG_WARN_COMMA = YES;
				CLANG_WARN_CONSTANT_CONVERSION = YES;
				CLANG_WARN_DEPRECATED_OBJC_IMPLEMENTATIONS = YES;
				CLANG_WARN_DIRECT_OBJC_ISA_USAGE = YES_ERROR;
				CLANG_WARN_DOCUMENTATION_COMMENTS = YES;
				CLANG_WARN_EMPTY_BODY = YES;
				CLANG_WARN_ENUM_CONVERSION = YES;
				CLANG_WARN_INFINITE_RECURSION = YES;
				CLANG_WARN_INT_CONVERSION = YES;
				CLANG_WARN_NON_LITERAL_NULL_CONVERSION = YES;
				CLANG_WARN_OBJC_IMPLICIT_RETAIN_SELF = YES;
				CLANG_WARN_OBJC_LITERAL_CONVERSION = YES;
				CLANG_WARN_OBJC_ROOT_CLASS = YES_ERROR;
				CLANG_WARN_QUOTED_INCLUDE_IN_FRAMEWORK_HEADER = YES;
				CLANG_WARN_RANGE_LOOP_ANALYSIS = YES;
				CLANG_WARN_STRICT_PROTOTYPES = YES;
				CLANG_WARN_SUSPICIOUS_MOVE = YES;
				CLANG_WARN_UNGUARDED_AVAILABILITY = YES_AGGRESSIVE;
				CLANG_WARN_UNREACHABLE_CODE = YES;
				CLANG_WARN__DUPLICATE_METHOD_MATCH = YES;
				COPY_PHASE_STRIP = NO;
				DEBUG_INFORMATION_FORMAT = "dwarf-with-dsym";
				ENABLE_NS_ASSERTIONS = NO;
				ENABLE_STRICT_OBJC_MSGSEND = YES;
				GCC_C_LANGUAGE_STANDARD = gnu11;
				GCC_NO_COMMON_BLOCKS = YES;
				GCC_WARN_64_TO_32_BIT_CONVERSION = YES;
				GCC_WARN_ABOUT_RETURN_TYPE = YES_ERROR;
				GCC_WARN_UNDECLARED_SELECTOR = YES;
				GCC_WARN_UNINITIALIZED_AUTOS = YES_AGGRESSIVE;
				GCC_WARN_UNUSED_FUNCTION = YES;
				GCC_WARN_UNUSED_VARIABLE = YES;
				IPHONEOS_DEPLOYMENT_TARGET = 16.0;
				MTL_ENABLE_DEBUG_INFO = NO;
				MTL_FAST_MATH = YES;
				SDKROOT = iphoneos;
				SWIFT_COMPILATION_MODE = wholemodule;
				SWIFT_OPTIMIZATION_LEVEL = "-O";
				VALIDATE_PRODUCT = YES;
			};
			name = Release;
		};
		FE26A3FE2B710ED600CF2666 /* Debug */ = {
			isa = XCBuildConfiguration;
			baseConfigurationReference = 67871AC6812ED22C5DD6D452 /* Pods-LOLInfoApp.debug.xcconfig */;
			buildSettings = {
				ASSETCATALOG_COMPILER_APPICON_NAME = AppIcon;
				ASSETCATALOG_COMPILER_GLOBAL_ACCENT_COLOR_NAME = AccentColor;
				CODE_SIGN_STYLE = Automatic;
				CURRENT_PROJECT_VERSION = 1;
				DEVELOPMENT_TEAM = L3L2WN7T88;
				GENERATE_INFOPLIST_FILE = YES;
				INFOPLIST_FILE = LOLInfoApp/SupportingFiles/Info.plist;
				INFOPLIST_KEY_UIApplicationSupportsIndirectInputEvents = YES;
				INFOPLIST_KEY_UILaunchStoryboardName = LaunchScreen;
				INFOPLIST_KEY_UISupportedInterfaceOrientations_iPad = "UIInterfaceOrientationPortrait UIInterfaceOrientationPortraitUpsideDown UIInterfaceOrientationLandscapeLeft UIInterfaceOrientationLandscapeRight";
				INFOPLIST_KEY_UISupportedInterfaceOrientations_iPhone = "UIInterfaceOrientationPortrait UIInterfaceOrientationLandscapeLeft UIInterfaceOrientationLandscapeRight";
				LD_RUNPATH_SEARCH_PATHS = (
					"$(inherited)",
					"@executable_path/Frameworks",
				);
				MARKETING_VERSION = 1.0;
				PRODUCT_BUNDLE_IDENTIFIER = com.DeokHo98.LOLInfoApp;
				PRODUCT_NAME = "$(TARGET_NAME)";
				SWIFT_EMIT_LOC_STRINGS = YES;
				SWIFT_VERSION = 5.0;
				TARGETED_DEVICE_FAMILY = "1,2";
			};
			name = Debug;
		};
		FE26A3FF2B710ED600CF2666 /* Release */ = {
			isa = XCBuildConfiguration;
			baseConfigurationReference = AAC6A67316489E7B8F198B9C /* Pods-LOLInfoApp.release.xcconfig */;
			buildSettings = {
				ASSETCATALOG_COMPILER_APPICON_NAME = AppIcon;
				ASSETCATALOG_COMPILER_GLOBAL_ACCENT_COLOR_NAME = AccentColor;
				CODE_SIGN_STYLE = Automatic;
				CURRENT_PROJECT_VERSION = 1;
				DEVELOPMENT_TEAM = L3L2WN7T88;
				GENERATE_INFOPLIST_FILE = YES;
				INFOPLIST_FILE = LOLInfoApp/SupportingFiles/Info.plist;
				INFOPLIST_KEY_UIApplicationSupportsIndirectInputEvents = YES;
				INFOPLIST_KEY_UILaunchStoryboardName = LaunchScreen;
				INFOPLIST_KEY_UISupportedInterfaceOrientations_iPad = "UIInterfaceOrientationPortrait UIInterfaceOrientationPortraitUpsideDown UIInterfaceOrientationLandscapeLeft UIInterfaceOrientationLandscapeRight";
				INFOPLIST_KEY_UISupportedInterfaceOrientations_iPhone = "UIInterfaceOrientationPortrait UIInterfaceOrientationLandscapeLeft UIInterfaceOrientationLandscapeRight";
				LD_RUNPATH_SEARCH_PATHS = (
					"$(inherited)",
					"@executable_path/Frameworks",
				);
				MARKETING_VERSION = 1.0;
				PRODUCT_BUNDLE_IDENTIFIER = com.DeokHo98.LOLInfoApp;
				PRODUCT_NAME = "$(TARGET_NAME)";
				SWIFT_EMIT_LOC_STRINGS = YES;
				SWIFT_VERSION = 5.0;
				TARGETED_DEVICE_FAMILY = "1,2";
			};
			name = Release;
		};
/* End XCBuildConfiguration section */

/* Begin XCConfigurationList section */
		FE26A3E42B710ED500CF2666 /* Build configuration list for PBXProject "LOLInfoApp" */ = {
			isa = XCConfigurationList;
			buildConfigurations = (
				FE26A3FB2B710ED600CF2666 /* Debug */,
				FE26A3FC2B710ED600CF2666 /* Release */,
			);
			defaultConfigurationIsVisible = 0;
			defaultConfigurationName = Release;
		};
		FE26A3FD2B710ED600CF2666 /* Build configuration list for PBXNativeTarget "LOLInfoApp" */ = {
			isa = XCConfigurationList;
			buildConfigurations = (
				FE26A3FE2B710ED600CF2666 /* Debug */,
				FE26A3FF2B710ED600CF2666 /* Release */,
			);
			defaultConfigurationIsVisible = 0;
			defaultConfigurationName = Release;
		};
/* End XCConfigurationList section */
	};
	rootObject = FE26A3E12B710ED500CF2666 /* Project object */;
}
